
Microsoft Visual Studio Solution File, Format Version 12.00
# Visual Studio 15
VisualStudioVersion = 15.0.27703.2026
MinimumVisualStudioVersion = 10.0.40219.1
Project("{FAE04EC0-301F-11D3-BF4B-00C04F79EFBC}") = "HardwareInventory.Web", "HardwareInventory.Web\HardwareInventory.Web.csproj", "{97271FE2-D409-491D-AB42-623938BC4F06}"
EndProject
Global
	GlobalSection(SolutionConfigurationPlatforms) = preSolution
		Debug|Any CPU = Debug|Any CPU
		Release|Any CPU = Release|Any CPU
	EndGlobalSection
	GlobalSection(ProjectConfigurationPlatforms) = postSolution
		{97271FE2-D409-491D-AB42-623938BC4F06}.Debug|Any CPU.ActiveCfg = Debug|Any CPU
		{97271FE2-D409-491D-AB42-623938BC4F06}.Debug|Any CPU.Build.0 = Debug|Any CPU
		{97271FE2-D409-491D-AB42-623938BC4F06}.Release|Any CPU.ActiveCfg = Release|Any CPU
		{97271FE2-D409-491D-AB42-623938BC4F06}.Release|Any CPU.Build.0 = Release|Any CPU
	EndGlobalSection
	GlobalSection(SolutionProperties) = preSolution
		HideSolutionNode = FALSE
	EndGlobalSection
	GlobalSection(ExtensibilityGlobals) = postSolution
		SolutionGuid = {078B9E47-1E2A-48BE-9E99-2D3070EBF23B}
	EndGlobalSection
EndGlobal
